
Microsoft Visual Studio Solution File, Format Version 12.00
# Visual Studio Version 17
VisualStudioVersion = 17.1.32319.34
MinimumVisualStudioVersion = 10.0.40219.1
Project("{FAE04EC0-301F-11D3-BF4B-00C04F79EFBC}") = "ZooManagement", "ZooManagement\ZooManagement.csproj", "{19F2E26D-AB6E-4356-B4E3-20038D80CD8D}"
EndProject
Project("{FAE04EC0-301F-11D3-BF4B-00C04F79EFBC}") = "ZooManagementTest", "ZooManagementTest\ZooManagementTest.csproj", "{13FD205C-D28A-4022-896D-23119DEAE6BD}"
EndProject
Global
	GlobalSection(SolutionConfigurationPlatforms) = preSolution
		Debug|Any CPU = Debug|Any CPU
		Release|Any CPU = Release|Any CPU
	EndGlobalSection
	GlobalSection(ProjectConfigurationPlatforms) = postSolution
		{19F2E26D-AB6E-4356-B4E3-20038D80CD8D}.Debug|Any CPU.ActiveCfg = Debug|Any CPU
		{19F2E26D-AB6E-4356-B4E3-20038D80CD8D}.Debug|Any CPU.Build.0 = Debug|Any CPU
		{19F2E26D-AB6E-4356-B4E3-20038D80CD8D}.Release|Any CPU.ActiveCfg = Release|Any CPU
		{19F2E26D-AB6E-4356-B4E3-20038D80CD8D}.Release|Any CPU.Build.0 = Release|Any CPU
		{13FD205C-D28A-4022-896D-23119DEAE6BD}.Debug|Any CPU.ActiveCfg = Debug|Any CPU
		{13FD205C-D28A-4022-896D-23119DEAE6BD}.Debug|Any CPU.Build.0 = Debug|Any CPU
		{13FD205C-D28A-4022-896D-23119DEAE6BD}.Release|Any CPU.ActiveCfg = Release|Any CPU
		{13FD205C-D28A-4022-896D-23119DEAE6BD}.Release|Any CPU.Build.0 = Release|Any CPU
	EndGlobalSection
	GlobalSection(SolutionProperties) = preSolution
		HideSolutionNode = FALSE
	EndGlobalSection
	GlobalSection(ExtensibilityGlobals) = postSolution
		SolutionGuid = {A4F4BC9C-2F81-42D2-BFF8-206937704BAF}
	EndGlobalSection
EndGlobal
